
Microsoft Visual Studio Solution File, Format Version 12.00
# Visual Studio Version 17
VisualStudioVersion = 17.5.2.0
MinimumVisualStudioVersion = 10.0.40219.1
Project("{2150E333-8FDC-42A3-9474-1A3956D46DE8}") = "Api", "Api", "{D82C56D6-B2CD-F611-9E31-04638F7EC30E}"
EndProject
Project("{FAE04EC0-301F-11D3-BF4B-00C04F79EFBC}") = "minimal-api", "Api\minimal-api.csproj", "{FA56E6A6-274D-4306-BFC8-41914E44CC47}"
EndProject
Project("{FAE04EC0-301F-11D3-BF4B-00C04F79EFBC}") = "Test", "Test\Test.csproj", "{1A58C256-3439-44ED-9C3B-DC15298555EF}"
EndProject
Global
	GlobalSection(SolutionConfigurationPlatforms) = preSolution
		Debug|Any CPU = Debug|Any CPU
		Debug|x64 = Debug|x64
		Debug|x86 = Debug|x86
		Release|Any CPU = Release|Any CPU
		Release|x64 = Release|x64
		Release|x86 = Release|x86
	EndGlobalSection
	GlobalSection(ProjectConfigurationPlatforms) = postSolution
		{FA56E6A6-274D-4306-BFC8-41914E44CC47}.Debug|Any CPU.ActiveCfg = Debug|Any CPU
		{FA56E6A6-274D-4306-BFC8-41914E44CC47}.Debug|Any CPU.Build.0 = Debug|Any CPU
		{FA56E6A6-274D-4306-BFC8-41914E44CC47}.Debug|x64.ActiveCfg = Debug|Any CPU
		{FA56E6A6-274D-4306-BFC8-41914E44CC47}.Debug|x64.Build.0 = Debug|Any CPU
		{FA56E6A6-274D-4306-BFC8-41914E44CC47}.Debug|x86.ActiveCfg = Debug|Any CPU
		{FA56E6A6-274D-4306-BFC8-41914E44CC47}.Debug|x86.Build.0 = Debug|Any CPU
		{FA56E6A6-274D-4306-BFC8-41914E44CC47}.Release|Any CPU.ActiveCfg = Release|Any CPU
		{FA56E6A6-274D-4306-BFC8-41914E44CC47}.Release|Any CPU.Build.0 = Release|Any CPU
		{FA56E6A6-274D-4306-BFC8-41914E44CC47}.Release|x64.ActiveCfg = Release|Any CPU
		{FA56E6A6-274D-4306-BFC8-41914E44CC47}.Release|x64.Build.0 = Release|Any CPU
		{FA56E6A6-274D-4306-BFC8-41914E44CC47}.Release|x86.ActiveCfg = Release|Any CPU
		{FA56E6A6-274D-4306-BFC8-41914E44CC47}.Release|x86.Build.0 = Release|Any CPU
		{1A58C256-3439-44ED-9C3B-DC15298555EF}.Debug|Any CPU.ActiveCfg = Debug|Any CPU
		{1A58C256-3439-44ED-9C3B-DC15298555EF}.Debug|Any CPU.Build.0 = Debug|Any CPU
		{1A58C256-3439-44ED-9C3B-DC15298555EF}.Debug|x64.ActiveCfg = Debug|Any CPU
		{1A58C256-3439-44ED-9C3B-DC15298555EF}.Debug|x64.Build.0 = Debug|Any CPU
		{1A58C256-3439-44ED-9C3B-DC15298555EF}.Debug|x86.ActiveCfg = Debug|Any CPU
		{1A58C256-3439-44ED-9C3B-DC15298555EF}.Debug|x86.Build.0 = Debug|Any CPU
		{1A58C256-3439-44ED-9C3B-DC15298555EF}.Release|Any CPU.ActiveCfg = Release|Any CPU
		{1A58C256-3439-44ED-9C3B-DC15298555EF}.Release|Any CPU.Build.0 = Release|Any CPU
		{1A58C256-3439-44ED-9C3B-DC15298555EF}.Release|x64.ActiveCfg = Release|Any CPU
		{1A58C256-3439-44ED-9C3B-DC15298555EF}.Release|x64.Build.0 = Release|Any CPU
		{1A58C256-3439-44ED-9C3B-DC15298555EF}.Release|x86.ActiveCfg = Release|Any CPU
		{1A58C256-3439-44ED-9C3B-DC15298555EF}.Release|x86.Build.0 = Release|Any CPU
	EndGlobalSection
	GlobalSection(SolutionProperties) = preSolution
		HideSolutionNode = FALSE
	EndGlobalSection
	GlobalSection(NestedProjects) = preSolution
		{FA56E6A6-274D-4306-BFC8-41914E44CC47} = {D82C56D6-B2CD-F611-9E31-04638F7EC30E}
	EndGlobalSection
	GlobalSection(ExtensibilityGlobals) = postSolution
		SolutionGuid = {19F1E0DF-9B6D-4198-BFC6-0A18AB245193}
	EndGlobalSection
EndGlobal
